
Microsoft Visual Studio Solution File, Format Version 12.00
# Visual Studio Version 16
VisualStudioVersion = 16.0.30104.148
MinimumVisualStudioVersion = 10.0.40219.1
Project("{FAE04EC0-301F-11D3-BF4B-00C04F79EFBC}") = "GameChess", "GameChess\GameChess.csproj", "{038834A0-062E-4167-BE72-8836C868B0F6}"
EndProject
Global
	GlobalSection(SolutionConfigurationPlatforms) = preSolution
		Debug|Any CPU = Debug|Any CPU
		Release|Any CPU = Release|Any CPU
	EndGlobalSection
	GlobalSection(ProjectConfigurationPlatforms) = postSolution
		{038834A0-062E-4167-BE72-8836C868B0F6}.Debug|Any CPU.ActiveCfg = Debug|Any CPU
		{038834A0-062E-4167-BE72-8836C868B0F6}.Debug|Any CPU.Build.0 = Debug|Any CPU
		{038834A0-062E-4167-BE72-8836C868B0F6}.Release|Any CPU.ActiveCfg = Release|Any CPU
		{038834A0-062E-4167-BE72-8836C868B0F6}.Release|Any CPU.Build.0 = Release|Any CPU
	EndGlobalSection
	GlobalSection(SolutionProperties) = preSolution
		HideSolutionNode = FALSE
	EndGlobalSection
	GlobalSection(ExtensibilityGlobals) = postSolution
		SolutionGuid = {B2A10B9F-9CEC-4993-9693-186B1D0FDE1B}
	EndGlobalSection
EndGlobal
